
Microsoft Visual Studio Solution File, Format Version 12.00
# Visual Studio 15
VisualStudioVersion = 15.0.27428.2043
MinimumVisualStudioVersion = 10.0.40219.1
Project("{FAE04EC0-301F-11D3-BF4B-00C04F79EFBC}") = "interview", "interview\interview.csproj", "{B1171D71-1B0C-4884-AABD-8767C52C3905}"
EndProject
Global
	GlobalSection(SolutionConfigurationPlatforms) = preSolution
		Debug|Any CPU = Debug|Any CPU
		Release|Any CPU = Release|Any CPU
	EndGlobalSection
	GlobalSection(ProjectConfigurationPlatforms) = postSolution
		{B1171D71-1B0C-4884-AABD-8767C52C3905}.Debug|Any CPU.ActiveCfg = Debug|Any CPU
		{B1171D71-1B0C-4884-AABD-8767C52C3905}.Debug|Any CPU.Build.0 = Debug|Any CPU
		{B1171D71-1B0C-4884-AABD-8767C52C3905}.Release|Any CPU.ActiveCfg = Release|Any CPU
		{B1171D71-1B0C-4884-AABD-8767C52C3905}.Release|Any CPU.Build.0 = Release|Any CPU
	EndGlobalSection
	GlobalSection(SolutionProperties) = preSolution
		HideSolutionNode = FALSE
	EndGlobalSection
	GlobalSection(ExtensibilityGlobals) = postSolution
		SolutionGuid = {BED81E98-D61F-4A80-9E52-CBD4A55098B9}
	EndGlobalSection
EndGlobal
